
Microsoft Visual Studio Solution File, Format Version 12.00
# Visual Studio Version 17
VisualStudioVersion = 17.14.36221.1 d17.14
MinimumVisualStudioVersion = 10.0.40219.1
Project("{FAE04EC0-301F-11D3-BF4B-00C04F79EFBC}") = "HMS", "HMS.csproj", "{DEFAF850-3904-480B-8769-BF9FEA2313CE}"
EndProject
Global
	GlobalSection(SolutionConfigurationPlatforms) = preSolution
		Debug|Any CPU = Debug|Any CPU
		Release|Any CPU = Release|Any CPU
	EndGlobalSection
	GlobalSection(ProjectConfigurationPlatforms) = postSolution
		{DEFAF850-3904-480B-8769-BF9FEA2313CE}.Debug|Any CPU.ActiveCfg = Debug|Any CPU
		{DEFAF850-3904-480B-8769-BF9FEA2313CE}.Debug|Any CPU.Build.0 = Debug|Any CPU
		{DEFAF850-3904-480B-8769-BF9FEA2313CE}.Release|Any CPU.ActiveCfg = Release|Any CPU
		{DEFAF850-3904-480B-8769-BF9FEA2313CE}.Release|Any CPU.Build.0 = Release|Any CPU
	EndGlobalSection
	GlobalSection(SolutionProperties) = preSolution
		HideSolutionNode = FALSE
	EndGlobalSection
	GlobalSection(ExtensibilityGlobals) = postSolution
		SolutionGuid = {77EECB72-1398-486C-A04A-DA9CCC3D7809}
	EndGlobalSection
EndGlobal
